// !$*UTF8*$!
{
	archiveVersion = 1;
	classes = {
	};
	objectVersion = 55;
	objects = {

/* Begin PBXBuildFile section */
		60A99F9E277D0E9400A4BC5B /* todo_appApp.swift in Sources */ = {isa = PBXBuildFile; fileRef = 60A99F9D277D0E9400A4BC5B /* todo_appApp.swift */; };
		60A99FA0277D0E9400A4BC5B /* ContentView.swift in Sources */ = {isa = PBXBuildFile; fileRef = 60A99F9F277D0E9400A4BC5B /* ContentView.swift */; };
		60A99FA2277D0E9500A4BC5B /* Assets.xcassets in Resources */ = {isa = PBXBuildFile; fileRef = 60A99FA1277D0E9500A4BC5B /* Assets.xcassets */; };
		60A99FA5277D0E9500A4BC5B /* Preview Assets.xcassets in Resources */ = {isa = PBXBuildFile; fileRef = 60A99FA4277D0E9500A4BC5B /* Preview Assets.xcassets */; };
		60A99FAF277D0E9500A4BC5B /* todo_appTests.swift in Sources */ = {isa = PBXBuildFile; fileRef = 60A99FAE277D0E9500A4BC5B /* todo_appTests.swift */; };
		60A99FB9277D0E9500A4BC5B /* todo_appUITests.swift in Sources */ = {isa = PBXBuildFile; fileRef = 60A99FB8277D0E9500A4BC5B /* todo_appUITests.swift */; };
		60A99FBB277D0E9500A4BC5B /* todo_appUITestsLaunchTests.swift in Sources */ = {isa = PBXBuildFile; fileRef = 60A99FBA277D0E9500A4BC5B /* todo_appUITestsLaunchTests.swift */; };
		60A99FD1277D277400A4BC5B /* Item.swift in Sources */ = {isa = PBXBuildFile; fileRef = 60A99FD0277D277400A4BC5B /* Item.swift */; };
		60A99FD3277D39BF00A4BC5B /* FormView.swift in Sources */ = {isa = PBXBuildFile; fileRef = 60A99FD2277D39BF00A4BC5B /* FormView.swift */; };
		60B4D67C277DECC000868B31 /* HomeView.swift in Sources */ = {isa = PBXBuildFile; fileRef = 60B4D67B277DECC000868B31 /* HomeView.swift */; };
		60B4D681277DEF7800868B31 /* FormViewModel.swift in Sources */ = {isa = PBXBuildFile; fileRef = 60B4D680277DEF7800868B31 /* FormViewModel.swift */; };
		60B4D684277DF37700868B31 /* Realm in Frameworks */ = {isa = PBXBuildFile; productRef = 60B4D683277DF37700868B31 /* Realm */; };
		60B4D686277DF37700868B31 /* RealmSwift in Frameworks */ = {isa = PBXBuildFile; productRef = 60B4D685277DF37700868B31 /* RealmSwift */; };
/* End PBXBuildFile section */

/* Begin PBXContainerItemProxy section */
		60A99FAB277D0E9500A4BC5B /* PBXContainerItemProxy */ = {
			isa = PBXContainerItemProxy;
			containerPortal = 60A99F92277D0E9300A4BC5B /* Project object */;
			proxyType = 1;
			remoteGlobalIDString = 60A99F99277D0E9300A4BC5B;
			remoteInfo = "todo-app";
		};
		60A99FB5277D0E9500A4BC5B /* PBXContainerItemProxy */ = {
			isa = PBXContainerItemProxy;
			containerPortal = 60A99F92277D0E9300A4BC5B /* Project object */;
			proxyType = 1;
			remoteGlobalIDString = 60A99F99277D0E9300A4BC5B;
			remoteInfo = "todo-app";
		};
/* End PBXContainerItemProxy section */

/* Begin PBXFileReference section */
		60A99F9A277D0E9400A4BC5B /* todo-app.app */ = {isa = PBXFileReference; explicitFileType = wrapper.application; includeInIndex = 0; path = "todo-app.app"; sourceTree = BUILT_PRODUCTS_DIR; };
		60A99F9D277D0E9400A4BC5B /* todo_appApp.swift */ = {isa = PBXFileReference; lastKnownFileType = sourcecode.swift; path = todo_appApp.swift; sourceTree = "<group>"; };
		60A99F9F277D0E9400A4BC5B /* ContentView.swift */ = {isa = PBXFileReference; lastKnownFileType = sourcecode.swift; path = ContentView.swift; sourceTree = "<group>"; };
		60A99FA1277D0E9500A4BC5B /* Assets.xcassets */ = {isa = PBXFileReference; lastKnownFileType = folder.assetcatalog; path = Assets.xcassets; sourceTree = "<group>"; };
		60A99FA4277D0E9500A4BC5B /* Preview Assets.xcassets */ = {isa = PBXFileReference; lastKnownFileType = folder.assetcatalog; path = "Preview Assets.xcassets"; sourceTree = "<group>"; };
		60A99FAA277D0E9500A4BC5B /* todo-appTests.xctest */ = {isa = PBXFileReference; explicitFileType = wrapper.cfbundle; includeInIndex = 0; path = "todo-appTests.xctest"; sourceTree = BUILT_PRODUCTS_DIR; };
		60A99FAE277D0E9500A4BC5B /* todo_appTests.swift */ = {isa = PBXFileReference; lastKnownFileType = sourcecode.swift; path = todo_appTests.swift; sourceTree = "<group>"; };
		60A99FB4277D0E9500A4BC5B /* todo-appUITests.xctest */ = {isa = PBXFileReference; explicitFileType = wrapper.cfbundle; includeInIndex = 0; path = "todo-appUITests.xctest"; sourceTree = BUILT_PRODUCTS_DIR; };
		60A99FB8277D0E9500A4BC5B /* todo_appUITests.swift */ = {isa = PBXFileReference; lastKnownFileType = sourcecode.swift; path = todo_appUITests.swift; sourceTree = "<group>"; };
		60A99FBA277D0E9500A4BC5B /* todo_appUITestsLaunchTests.swift */ = {isa = PBXFileReference; lastKnownFileType = sourcecode.swift; path = todo_appUITestsLaunchTests.swift; sourceTree = "<group>"; };
		60A99FD0277D277400A4BC5B /* Item.swift */ = {isa = PBXFileReference; lastKnownFileType = sourcecode.swift; path = Item.swift; sourceTree = "<group>"; };
		60A99FD2277D39BF00A4BC5B /* FormView.swift */ = {isa = PBXFileReference; lastKnownFileType = sourcecode.swift; path = FormView.swift; sourceTree = "<group>"; };
		60B4D67B277DECC000868B31 /* HomeView.swift */ = {isa = PBXFileReference; lastKnownFileType = sourcecode.swift; path = HomeView.swift; sourceTree = "<group>"; };
		60B4D680277DEF7800868B31 /* FormViewModel.swift */ = {isa = PBXFileReference; lastKnownFileType = sourcecode.swift; path = FormViewModel.swift; sourceTree = "<group>"; };
/* End PBXFileReference section */

/* Begin PBXFrameworksBuildPhase section */
		60A99F97277D0E9300A4BC5B /* Frameworks */ = {
			isa = PBXFrameworksBuildPhase;
			buildActionMask = 2147483647;
			files = (
				60B4D686277DF37700868B31 /* RealmSwift in Frameworks */,
				60B4D684277DF37700868B31 /* Realm in Frameworks */,
			);
			runOnlyForDeploymentPostprocessing = 0;
		};
		60A99FA7277D0E9500A4BC5B /* Frameworks */ = {
			isa = PBXFrameworksBuildPhase;
			buildActionMask = 2147483647;
			files = (
			);
			runOnlyForDeploymentPostprocessing = 0;
		};
		60A99FB1277D0E9500A4BC5B /* Frameworks */ = {
			isa = PBXFrameworksBuildPhase;
			buildActionMask = 2147483647;
			files = (
			);
			runOnlyForDeploymentPostprocessing = 0;
		};
/* End PBXFrameworksBuildPhase section */

/* Begin PBXGroup section */
		60A99F91277D0E9300A4BC5B = {
			isa = PBXGroup;
			children = (
				60A99F9C277D0E9400A4BC5B /* todo-app */,
				60A99FAD277D0E9500A4BC5B /* todo-appTests */,
				60A99FB7277D0E9500A4BC5B /* todo-appUITests */,
				60A99F9B277D0E9400A4BC5B /* Products */,
			);
			sourceTree = "<group>";
		};
		60A99F9B277D0E9400A4BC5B /* Products */ = {
			isa = PBXGroup;
			children = (
				60A99F9A277D0E9400A4BC5B /* todo-app.app */,
				60A99FAA277D0E9500A4BC5B /* todo-appTests.xctest */,
				60A99FB4277D0E9500A4BC5B /* todo-appUITests.xctest */,
			);
			name = Products;
			sourceTree = "<group>";
		};
		60A99F9C277D0E9400A4BC5B /* todo-app */ = {
			isa = PBXGroup;
			children = (
				60B4D67F277DEF6700868B31 /* ViewModel */,
				60A99FCF277D276B00A4BC5B /* Model */,
				60A99FCA277D23B500A4BC5B /* View */,
				60A99F9D277D0E9400A4BC5B /* todo_appApp.swift */,
				60A99F9F277D0E9400A4BC5B /* ContentView.swift */,
				60A99FA1277D0E9500A4BC5B /* Assets.xcassets */,
				60A99FA3277D0E9500A4BC5B /* Preview Content */,
			);
			path = "todo-app";
			sourceTree = "<group>";
		};
		60A99FA3277D0E9500A4BC5B /* Preview Content */ = {
			isa = PBXGroup;
			children = (
				60A99FA4277D0E9500A4BC5B /* Preview Assets.xcassets */,
			);
			path = "Preview Content";
			sourceTree = "<group>";
		};
		60A99FAD277D0E9500A4BC5B /* todo-appTests */ = {
			isa = PBXGroup;
			children = (
				60A99FAE277D0E9500A4BC5B /* todo_appTests.swift */,
			);
			path = "todo-appTests";
			sourceTree = "<group>";
		};
		60A99FB7277D0E9500A4BC5B /* todo-appUITests */ = {
			isa = PBXGroup;
			children = (
				60A99FB8277D0E9500A4BC5B /* todo_appUITests.swift */,
				60A99FBA277D0E9500A4BC5B /* todo_appUITestsLaunchTests.swift */,
			);
			path = "todo-appUITests";
			sourceTree = "<group>";
		};
		60A99FCA277D23B500A4BC5B /* View */ = {
			isa = PBXGroup;
			children = (
				60A99FD2277D39BF00A4BC5B /* FormView.swift */,
				60B4D67B277DECC000868B31 /* HomeView.swift */,
			);
			path = View;
			sourceTree = "<group>";
		};
		60A99FCF277D276B00A4BC5B /* Model */ = {
			isa = PBXGroup;
			children = (
				60A99FD0277D277400A4BC5B /* Item.swift */,
			);
			path = Model;
			sourceTree = "<group>";
		};
		60B4D67F277DEF6700868B31 /* ViewModel */ = {
			isa = PBXGroup;
			children = (
				60B4D680277DEF7800868B31 /* FormViewModel.swift */,
			);
			path = ViewModel;
			sourceTree = "<group>";
		};
/* End PBXGroup section */

/* Begin PBXNativeTarget section */
		60A99F99277D0E9300A4BC5B /* todo-app */ = {
			isa = PBXNativeTarget;
			buildConfigurationList = 60A99FBE277D0E9500A4BC5B /* Build configuration list for PBXNativeTarget "todo-app" */;
			buildPhases = (
				60A99F96277D0E9300A4BC5B /* Sources */,
				60A99F97277D0E9300A4BC5B /* Frameworks */,
				60A99F98277D0E9300A4BC5B /* Resources */,
			);
			buildRules = (
			);
			dependencies = (
			);
			name = "todo-app";
			packageProductDependencies = (
				60B4D683277DF37700868B31 /* Realm */,
				60B4D685277DF37700868B31 /* RealmSwift */,
			);
			productName = "todo-app";
			productReference = 60A99F9A277D0E9400A4BC5B /* todo-app.app */;
			productType = "com.apple.product-type.application";
		};
		60A99FA9277D0E9500A4BC5B /* todo-appTests */ = {
			isa = PBXNativeTarget;
			buildConfigurationList = 60A99FC1277D0E9500A4BC5B /* Build configuration list for PBXNativeTarget "todo-appTests" */;
			buildPhases = (
				60A99FA6277D0E9500A4BC5B /* Sources */,
				60A99FA7277D0E9500A4BC5B /* Frameworks */,
				60A99FA8277D0E9500A4BC5B /* Resources */,
			);
			buildRules = (
			);
			dependencies = (
				60A99FAC277D0E9500A4BC5B /* PBXTargetDependency */,
			);
			name = "todo-appTests";
			productName = "todo-appTests";
			productReference = 60A99FAA277D0E9500A4BC5B /* todo-appTests.xctest */;
			productType = "com.apple.product-type.bundle.unit-test";
		};
		60A99FB3277D0E9500A4BC5B /* todo-appUITests */ = {
			isa = PBXNativeTarget;
			buildConfigurationList = 60A99FC4277D0E9500A4BC5B /* Build configuration list for PBXNativeTarget "todo-appUITests" */;
			buildPhases = (
				60A99FB0277D0E9500A4BC5B /* Sources */,
				60A99FB1277D0E9500A4BC5B /* Frameworks */,
				60A99FB2277D0E9500A4BC5B /* Resources */,
			);
			buildRules = (
			);
			dependencies = (
				60A99FB6277D0E9500A4BC5B /* PBXTargetDependency */,
			);
			name = "todo-appUITests";
			productName = "todo-appUITests";
			productReference = 60A99FB4277D0E9500A4BC5B /* todo-appUITests.xctest */;
			productType = "com.apple.product-type.bundle.ui-testing";
		};
/* End PBXNativeTarget section */

/* Begin PBXProject section */
		60A99F92277D0E9300A4BC5B /* Project object */ = {
			isa = PBXProject;
			attributes = {
				BuildIndependentTargetsInParallel = 1;
				LastSwiftUpdateCheck = 1320;
				LastUpgradeCheck = 1320;
				TargetAttributes = {
					60A99F99277D0E9300A4BC5B = {
						CreatedOnToolsVersion = 13.2.1;
					};
					60A99FA9277D0E9500A4BC5B = {
						CreatedOnToolsVersion = 13.2.1;
						TestTargetID = 60A99F99277D0E9300A4BC5B;
					};
					60A99FB3277D0E9500A4BC5B = {
						CreatedOnToolsVersion = 13.2.1;
						TestTargetID = 60A99F99277D0E9300A4BC5B;
					};
				};
			};
			buildConfigurationList = 60A99F95277D0E9300A4BC5B /* Build configuration list for PBXProject "todo-app" */;
			compatibilityVersion = "Xcode 13.0";
			developmentRegion = en;
			hasScannedForEncodings = 0;
			knownRegions = (
				en,
				Base,
			);
			mainGroup = 60A99F91277D0E9300A4BC5B;
			packageReferences = (
				60B4D682277DF37700868B31 /* XCRemoteSwiftPackageReference "realm-swift" */,
			);
			productRefGroup = 60A99F9B277D0E9400A4BC5B /* Products */;
			projectDirPath = "";
			projectRoot = "";
			targets = (
				60A99F99277D0E9300A4BC5B /* todo-app */,
				60A99FA9277D0E9500A4BC5B /* todo-appTests */,
				60A99FB3277D0E9500A4BC5B /* todo-appUITests */,
			);
		};
/* End PBXProject section */

/* Begin PBXResourcesBuildPhase section */
		60A99F98277D0E9300A4BC5B /* Resources */ = {
			isa = PBXResourcesBuildPhase;
			buildActionMask = 2147483647;
			files = (
				60A99FA5277D0E9500A4BC5B /* Preview Assets.xcassets in Resources */,
				60A99FA2277D0E9500A4BC5B /* Assets.xcassets in Resources */,
			);
			runOnlyForDeploymentPostprocessing = 0;
		};
		60A99FA8277D0E9500A4BC5B /* Resources */ = {
			isa = PBXResourcesBuildPhase;
			buildActionMask = 2147483647;
			files = (
			);
			runOnlyForDeploymentPostprocessing = 0;
		};
		60A99FB2277D0E9500A4BC5B /* Resources */ = {
			isa = PBXResourcesBuildPhase;
			buildActionMask = 2147483647;
			files = (
			);
			runOnlyForDeploymentPostprocessing = 0;
		};
/* End PBXResourcesBuildPhase section */

/* Begin PBXSourcesBuildPhase section */
		60A99F96277D0E9300A4BC5B /* Sources */ = {
			isa = PBXSourcesBuildPhase;
			buildActionMask = 2147483647;
			files = (
				60B4D681277DEF7800868B31 /* FormViewModel.swift in Sources */,
				60A99FD3277D39BF00A4BC5B /* FormView.swift in Sources */,
				60A99FD1277D277400A4BC5B /* Item.swift in Sources */,
				60A99FA0277D0E9400A4BC5B /* ContentView.swift in Sources */,
				60A99F9E277D0E9400A4BC5B /* todo_appApp.swift in Sources */,
				60B4D67C277DECC000868B31 /* HomeView.swift in Sources */,
			);
			runOnlyForDeploymentPostprocessing = 0;
		};
		60A99FA6277D0E9500A4BC5B /* Sources */ = {
			isa = PBXSourcesBuildPhase;
			buildActionMask = 2147483647;
			files = (
				60A99FAF277D0E9500A4BC5B /* todo_appTests.swift in Sources */,
			);
			runOnlyForDeploymentPostprocessing = 0;
		};
		60A99FB0277D0E9500A4BC5B /* Sources */ = {
			isa = PBXSourcesBuildPhase;
			buildActionMask = 2147483647;
			files = (
				60A99FBB277D0E9500A4BC5B /* todo_appUITestsLaunchTests.swift in Sources */,
				60A99FB9277D0E9500A4BC5B /* todo_appUITests.swift in Sources */,
			);
			runOnlyForDeploymentPostprocessing = 0;
		};
/* End PBXSourcesBuildPhase section */

/* Begin PBXTargetDependency section */
		60A99FAC277D0E9500A4BC5B /* PBXTargetDependency */ = {
			isa = PBXTargetDependency;
			target = 60A99F99277D0E9300A4BC5B /* todo-app */;
			targetProxy = 60A99FAB277D0E9500A4BC5B /* PBXContainerItemProxy */;
		};
		60A99FB6277D0E9500A4BC5B /* PBXTargetDependency */ = {
			isa = PBXTargetDependency;
			target = 60A99F99277D0E9300A4BC5B /* todo-app */;
			targetProxy = 60A99FB5277D0E9500A4BC5B /* PBXContainerItemProxy */;
		};
/* End PBXTargetDependency section */

/* Begin XCBuildConfiguration section */
		60A99FBC277D0E9500A4BC5B /* Debug */ = {
			isa = XCBuildConfiguration;
			buildSettings = {
				ALWAYS_SEARCH_USER_PATHS = NO;
				CLANG_ANALYZER_NONNULL = YES;
				CLANG_ANALYZER_NUMBER_OBJECT_CONVERSION = YES_AGGRESSIVE;
				CLANG_CXX_LANGUAGE_STANDARD = "gnu++17";
				CLANG_CXX_LIBRARY = "libc++";
				CLANG_ENABLE_MODULES = YES;
				CLANG_ENABLE_OBJC_ARC = YES;
				CLANG_ENABLE_OBJC_WEAK = YES;
				CLANG_WARN_BLOCK_CAPTURE_AUTORELEASING = YES;
				CLANG_WARN_BOOL_CONVERSION = YES;
				CLANG_WARN_COMMA = YES;
				CLANG_WARN_CONSTANT_CONVERSION = YES;
				CLANG_WARN_DEPRECATED_OBJC_IMPLEMENTATIONS = YES;
				CLANG_WARN_DIRECT_OBJC_ISA_USAGE = YES_ERROR;
				CLANG_WARN_DOCUMENTATION_COMMENTS = YES;
				CLANG_WARN_EMPTY_BODY = YES;
				CLANG_WARN_ENUM_CONVERSION = YES;
				CLANG_WARN_INFINITE_RECURSION = YES;
				CLANG_WARN_INT_CONVERSION = YES;
				CLANG_WARN_NON_LITERAL_NULL_CONVERSION = YES;
				CLANG_WARN_OBJC_IMPLICIT_RETAIN_SELF = YES;
				CLANG_WARN_OBJC_LITERAL_CONVERSION = YES;
				CLANG_WARN_OBJC_ROOT_CLASS = YES_ERROR;
				CLANG_WARN_QUOTED_INCLUDE_IN_FRAMEWORK_HEADER = YES;
				CLANG_WARN_RANGE_LOOP_ANALYSIS = YES;
				CLANG_WARN_STRICT_PROTOTYPES = YES;
				CLANG_WARN_SUSPICIOUS_MOVE = YES;
				CLANG_WARN_UNGUARDED_AVAILABILITY = YES_AGGRESSIVE;
				CLANG_WARN_UNREACHABLE_CODE = YES;
				CLANG_WARN__DUPLICATE_METHOD_MATCH = YES;
				COPY_PHASE_STRIP = NO;
				DEBUG_INFORMATION_FORMAT = dwarf;
				ENABLE_STRICT_OBJC_MSGSEND = YES;
				ENABLE_TESTABILITY = YES;
				GCC_C_LANGUAGE_STANDARD = gnu11;
				GCC_DYNAMIC_NO_PIC = NO;
				GCC_NO_COMMON_BLOCKS = YES;
				GCC_OPTIMIZATION_LEVEL = 0;
				GCC_PREPROCESSOR_DEFINITIONS = (
					"DEBUG=1",
					"$(inherited)",
				);
				GCC_WARN_64_TO_32_BIT_CONVERSION = YES;
				GCC_WARN_ABOUT_RETURN_TYPE = YES_ERROR;
				GCC_WARN_UNDECLARED_SELECTOR = YES;
				GCC_WARN_UNINITIALIZED_AUTOS = YES_AGGRESSIVE;
				GCC_WARN_UNUSED_FUNCTION = YES;
				GCC_WARN_UNUSED_VARIABLE = YES;
				IPHONEOS_DEPLOYMENT_TARGET = 15.2;
				MTL_ENABLE_DEBUG_INFO = INCLUDE_SOURCE;
				MTL_FAST_MATH = YES;
				ONLY_ACTIVE_ARCH = YES;
				SDKROOT = iphoneos;
				SWIFT_ACTIVE_COMPILATION_CONDITIONS = DEBUG;
				SWIFT_OPTIMIZATION_LEVEL = "-Onone";
			};
			name = Debug;
		};
		60A99FBD277D0E9500A4BC5B /* Release */ = {
			isa = XCBuildConfiguration;
			buildSettings = {
				ALWAYS_SEARCH_USER_PATHS = NO;
				CLANG_ANALYZER_NONNULL = YES;
				CLANG_ANALYZER_NUMBER_OBJECT_CONVERSION = YES_AGGRESSIVE;
				CLANG_CXX_LANGUAGE_STANDARD = "gnu++17";
				CLANG_CXX_LIBRARY = "libc++";
				CLANG_ENABLE_MODULES = YES;
				CLANG_ENABLE_OBJC_ARC = YES;
				CLANG_ENABLE_OBJC_WEAK = YES;
				CLANG_WARN_BLOCK_CAPTURE_AUTORELEASING = YES;
				CLANG_WARN_BOOL_CONVERSION = YES;
				CLANG_WARN_COMMA = YES;
				CLANG_WARN_CONSTANT_CONVERSION = YES;
				CLANG_WARN_DEPRECATED_OBJC_IMPLEMENTATIONS = YES;
				CLANG_WARN_DIRECT_OBJC_ISA_USAGE = YES_ERROR;
				CLANG_WARN_DOCUMENTATION_COMMENTS = YES;
				CLANG_WARN_EMPTY_BODY = YES;
				CLANG_WARN_ENUM_CONVERSION = YES;
				CLANG_WARN_INFINITE_RECURSION = YES;
				CLANG_WARN_INT_CONVERSION = YES;
				CLANG_WARN_NON_LITERAL_NULL_CONVERSION = YES;
				CLANG_WARN_OBJC_IMPLICIT_RETAIN_SELF = YES;
				CLANG_WARN_OBJC_LITERAL_CONVERSION = YES;
				CLANG_WARN_OBJC_ROOT_CLASS = YES_ERROR;
				CLANG_WARN_QUOTED_INCLUDE_IN_FRAMEWORK_HEADER = YES;
				CLANG_WARN_RANGE_LOOP_ANALYSIS = YES;
				CLANG_WARN_STRICT_PROTOTYPES = YES;
				CLANG_WARN_SUSPICIOUS_MOVE = YES;
				CLANG_WARN_UNGUARDED_AVAILABILITY = YES_AGGRESSIVE;
				CLANG_WARN_UNREACHABLE_CODE = YES;
				CLANG_WARN__DUPLICATE_METHOD_MATCH = YES;
				COPY_PHASE_STRIP = NO;
				DEBUG_INFORMATION_FORMAT = "dwarf-with-dsym";
				ENABLE_NS_ASSERTIONS = NO;
				ENABLE_STRICT_OBJC_MSGSEND = YES;
				GCC_C_LANGUAGE_STANDARD = gnu11;
				GCC_NO_COMMON_BLOCKS = YES;
				GCC_WARN_64_TO_32_BIT_CONVERSION = YES;
				GCC_WARN_ABOUT_RETURN_TYPE = YES_ERROR;
				GCC_WARN_UNDECLARED_SELECTOR = YES;
				GCC_WARN_UNINITIALIZED_AUTOS = YES_AGGRESSIVE;
				GCC_WARN_UNUSED_FUNCTION = YES;
				GCC_WARN_UNUSED_VARIABLE = YES;
				IPHONEOS_DEPLOYMENT_TARGET = 15.2;
				MTL_ENABLE_DEBUG_INFO = NO;
				MTL_FAST_MATH = YES;
				SDKROOT = iphoneos;
				SWIFT_COMPILATION_MODE = wholemodule;
				SWIFT_OPTIMIZATION_LEVEL = "-O";
				VALIDATE_PRODUCT = YES;
			};
			name = Release;
		};
		60A99FBF277D0E9500A4BC5B /* Debug */ = {
			isa = XCBuildConfiguration;
			buildSettings = {
				ASSETCATALOG_COMPILER_APPICON_NAME = AppIcon;
				ASSETCATALOG_COMPILER_GLOBAL_ACCENT_COLOR_NAME = AccentColor;
				CODE_SIGN_STYLE = Automatic;
				CURRENT_PROJECT_VERSION = 1;
				DEVELOPMENT_ASSET_PATHS = "\"todo-app/Preview Content\"";
				DEVELOPMENT_TEAM = S23Y2GPG6W;
				ENABLE_PREVIEWS = YES;
				GENERATE_INFOPLIST_FILE = YES;
				INFOPLIST_KEY_UIApplicationSceneManifest_Generation = YES;
				INFOPLIST_KEY_UIApplicationSupportsIndirectInputEvents = YES;
				INFOPLIST_KEY_UILaunchScreen_Generation = YES;
				INFOPLIST_KEY_UISupportedInterfaceOrientations_iPad = "UIInterfaceOrientationPortrait UIInterfaceOrientationPortraitUpsideDown UIInterfaceOrientationLandscapeLeft UIInterfaceOrientationLandscapeRight";
				INFOPLIST_KEY_UISupportedInterfaceOrientations_iPhone = "UIInterfaceOrientationPortrait UIInterfaceOrientationLandscapeLeft UIInterfaceOrientationLandscapeRight";
				LD_RUNPATH_SEARCH_PATHS = (
					"$(inherited)",
					"@executable_path/Frameworks",
				);
				MARKETING_VERSION = 1.0;
				PRODUCT_BUNDLE_IDENTIFIER = "br.com.harff.todo-app";
				PRODUCT_NAME = "$(TARGET_NAME)";
				SWIFT_EMIT_LOC_STRINGS = YES;
				SWIFT_VERSION = 5.0;
				TARGETED_DEVICE_FAMILY = "1,2";
			};
			name = Debug;
		};
		60A99FC0277D0E9500A4BC5B /* Release */ = {
			isa = XCBuildConfiguration;
			buildSettings = {
				ASSETCATALOG_COMPILER_APPICON_NAME = AppIcon;
				ASSETCATALOG_COMPILER_GLOBAL_ACCENT_COLOR_NAME = AccentColor;
				CODE_SIGN_STYLE = Automatic;
				CURRENT_PROJECT_VERSION = 1;
				DEVELOPMENT_ASSET_PATHS = "\"todo-app/Preview Content\"";
				DEVELOPMENT_TEAM = S23Y2GPG6W;
				ENABLE_PREVIEWS = YES;
				GENERATE_INFOPLIST_FILE = YES;
				INFOPLIST_KEY_UIApplicationSceneManifest_Generation = YES;
				INFOPLIST_KEY_UIApplicationSupportsIndirectInputEvents = YES;
				INFOPLIST_KEY_UILaunchScreen_Generation = YES;
				INFOPLIST_KEY_UISupportedInterfaceOrientations_iPad = "UIInterfaceOrientationPortrait UIInterfaceOrientationPortraitUpsideDown UIInterfaceOrientationLandscapeLeft UIInterfaceOrientationLandscapeRight";
				INFOPLIST_KEY_UISupportedInterfaceOrientations_iPhone = "UIInterfaceOrientationPortrait UIInterfaceOrientationLandscapeLeft UIInterfaceOrientationLandscapeRight";
				LD_RUNPATH_SEARCH_PATHS = (
					"$(inherited)",
					"@executable_path/Frameworks",
				);
				MARKETING_VERSION = 1.0;
				PRODUCT_BUNDLE_IDENTIFIER = "br.com.harff.todo-app";
				PRODUCT_NAME = "$(TARGET_NAME)";
				SWIFT_EMIT_LOC_STRINGS = YES;
				SWIFT_VERSION = 5.0;
				TARGETED_DEVICE_FAMILY = "1,2";
			};
			name = Release;
		};
		60A99FC2277D0E9500A4BC5B /* Debug */ = {
			isa = XCBuildConfiguration;
			buildSettings = {
				ALWAYS_EMBED_SWIFT_STANDARD_LIBRARIES = YES;
				BUNDLE_LOADER = "$(TEST_HOST)";
				CODE_SIGN_STYLE = Automatic;
				CURRENT_PROJECT_VERSION = 1;
				GENERATE_INFOPLIST_FILE = YES;
				IPHONEOS_DEPLOYMENT_TARGET = 15.2;
				MARKETING_VERSION = 1.0;
				PRODUCT_BUNDLE_IDENTIFIER = "br.com.harff.todo-appTests";
				PRODUCT_NAME = "$(TARGET_NAME)";
				SWIFT_EMIT_LOC_STRINGS = NO;
				SWIFT_VERSION = 5.0;
				TARGETED_DEVICE_FAMILY = "1,2";
				TEST_HOST = "$(BUILT_PRODUCTS_DIR)/todo-app.app/todo-app";
			};
			name = Debug;
		};
		60A99FC3277D0E9500A4BC5B /* Release */ = {
			isa = XCBuildConfiguration;
			buildSettings = {
				ALWAYS_EMBED_SWIFT_STANDARD_LIBRARIES = YES;
				BUNDLE_LOADER = "$(TEST_HOST)";
				CODE_SIGN_STYLE = Automatic;
				CURRENT_PROJECT_VERSION = 1;
				GENERATE_INFOPLIST_FILE = YES;
				IPHONEOS_DEPLOYMENT_TARGET = 15.2;
				MARKETING_VERSION = 1.0;
				PRODUCT_BUNDLE_IDENTIFIER = "br.com.harff.todo-appTests";
				PRODUCT_NAME = "$(TARGET_NAME)";
				SWIFT_EMIT_LOC_STRINGS = NO;
				SWIFT_VERSION = 5.0;
				TARGETED_DEVICE_FAMILY = "1,2";
				TEST_HOST = "$(BUILT_PRODUCTS_DIR)/todo-app.app/todo-app";
			};
			name = Release;
		};
		60A99FC5277D0E9500A4BC5B /* Debug */ = {
			isa = XCBuildConfiguration;
			buildSettings = {
				ALWAYS_EMBED_SWIFT_STANDARD_LIBRARIES = YES;
				CODE_SIGN_STYLE = Automatic;
				CURRENT_PROJECT_VERSION = 1;
				GENERATE_INFOPLIST_FILE = YES;
				MARKETING_VERSION = 1.0;
				PRODUCT_BUNDLE_IDENTIFIER = "br.com.harff.todo-appUITests";
				PRODUCT_NAME = "$(TARGET_NAME)";
				SWIFT_EMIT_LOC_STRINGS = NO;
				SWIFT_VERSION = 5.0;
				TARGETED_DEVICE_FAMILY = "1,2";
				TEST_TARGET_NAME = "todo-app";
			};
			name = Debug;
		};
		60A99FC6277D0E9500A4BC5B /* Release */ = {
			isa = XCBuildConfiguration;
			buildSettings = {
				ALWAYS_EMBED_SWIFT_STANDARD_LIBRARIES = YES;
				CODE_SIGN_STYLE = Automatic;
				CURRENT_PROJECT_VERSION = 1;
				GENERATE_INFOPLIST_FILE = YES;
				MARKETING_VERSION = 1.0;
				PRODUCT_BUNDLE_IDENTIFIER = "br.com.harff.todo-appUITests";
				PRODUCT_NAME = "$(TARGET_NAME)";
				SWIFT_EMIT_LOC_STRINGS = NO;
				SWIFT_VERSION = 5.0;
				TARGETED_DEVICE_FAMILY = "1,2";
				TEST_TARGET_NAME = "todo-app";
			};
			name = Release;
		};
/* End XCBuildConfiguration section */

/* Begin XCConfigurationList section */
		60A99F95277D0E9300A4BC5B /* Build configuration list for PBXProject "todo-app" */ = {
			isa = XCConfigurationList;
			buildConfigurations = (
				60A99FBC277D0E9500A4BC5B /* Debug */,
				60A99FBD277D0E9500A4BC5B /* Release */,
			);
			defaultConfigurationIsVisible = 0;
			defaultConfigurationName = Release;
		};
		60A99FBE277D0E9500A4BC5B /* Build configuration list for PBXNativeTarget "todo-app" */ = {
			isa = XCConfigurationList;
			buildConfigurations = (
				60A99FBF277D0E9500A4BC5B /* Debug */,
				60A99FC0277D0E9500A4BC5B /* Release */,
			);
			defaultConfigurationIsVisible = 0;
			defaultConfigurationName = Release;
		};
		60A99FC1277D0E9500A4BC5B /* Build configuration list for PBXNativeTarget "todo-appTests" */ = {
			isa = XCConfigurationList;
			buildConfigurations = (
				60A99FC2277D0E9500A4BC5B /* Debug */,
				60A99FC3277D0E9500A4BC5B /* Release */,
			);
			defaultConfigurationIsVisible = 0;
			defaultConfigurationName = Release;
		};
		60A99FC4277D0E9500A4BC5B /* Build configuration list for PBXNativeTarget "todo-appUITests" */ = {
			isa = XCConfigurationList;
			buildConfigurations = (
				60A99FC5277D0E9500A4BC5B /* Debug */,
				60A99FC6277D0E9500A4BC5B /* Release */,
			);
			defaultConfigurationIsVisible = 0;
			defaultConfigurationName = Release;
		};
/* End XCConfigurationList section */

/* Begin XCRemoteSwiftPackageReference section */
		60B4D682277DF37700868B31 /* XCRemoteSwiftPackageReference "realm-swift" */ = {
			isa = XCRemoteSwiftPackageReference;
			repositoryURL = "https://github.com/realm/realm-swift.git";
			requirement = {
				kind = upToNextMajorVersion;
				minimumVersion = 10.20.2;
			};
		};
/* End XCRemoteSwiftPackageReference section */

/* Begin XCSwiftPackageProductDependency section */
		60B4D683277DF37700868B31 /* Realm */ = {
			isa = XCSwiftPackageProductDependency;
			package = 60B4D682277DF37700868B31 /* XCRemoteSwiftPackageReference "realm-swift" */;
			productName = Realm;
		};
		60B4D685277DF37700868B31 /* RealmSwift */ = {
			isa = XCSwiftPackageProductDependency;
			package = 60B4D682277DF37700868B31 /* XCRemoteSwiftPackageReference "realm-swift" */;
			productName = RealmSwift;
		};
/* End XCSwiftPackageProductDependency section */
	};
	rootObject = 60A99F92277D0E9300A4BC5B /* Project object */;
}
